
Microsoft Visual Studio Solution File, Format Version 12.00
# Visual Studio Version 17
VisualStudioVersion = 17.1.32210.238
MinimumVisualStudioVersion = 10.0.40219.1
Project("{FAE04EC0-301F-11D3-BF4B-00C04F79EFBC}") = "poc-codeql-console", "poc-codeql-console\poc-codeql-console.csproj", "{C961972D-DB93-45D9-B2E8-0781F204A3EE}"
EndProject
Global
	GlobalSection(SolutionConfigurationPlatforms) = preSolution
		Debug|Any CPU = Debug|Any CPU
		Release|Any CPU = Release|Any CPU
	EndGlobalSection
	GlobalSection(ProjectConfigurationPlatforms) = postSolution
		{C961972D-DB93-45D9-B2E8-0781F204A3EE}.Debug|Any CPU.ActiveCfg = Debug|Any CPU
		{C961972D-DB93-45D9-B2E8-0781F204A3EE}.Debug|Any CPU.Build.0 = Debug|Any CPU
		{C961972D-DB93-45D9-B2E8-0781F204A3EE}.Release|Any CPU.ActiveCfg = Release|Any CPU
		{C961972D-DB93-45D9-B2E8-0781F204A3EE}.Release|Any CPU.Build.0 = Release|Any CPU
	EndGlobalSection
	GlobalSection(SolutionProperties) = preSolution
		HideSolutionNode = FALSE
	EndGlobalSection
	GlobalSection(ExtensibilityGlobals) = postSolution
		SolutionGuid = {167AF112-D387-43DF-A74F-F18E49917404}
	EndGlobalSection
EndGlobal
